
Microsoft Visual Studio Solution File, Format Version 12.00
# Visual Studio Version 17
VisualStudioVersion = 17.10.34928.147
MinimumVisualStudioVersion = 10.0.40219.1
Project("{FAE04EC0-301F-11D3-BF4B-00C04F79EFBC}") = "UrlOverlayManager", "UrlOverlayManager\UrlOverlayManager.csproj", "{811D041D-7600-49CC-A4CA-CFB2FCE2A66F}"
EndProject
Global
	GlobalSection(SolutionConfigurationPlatforms) = preSolution
		Debug|Any CPU = Debug|Any CPU
		Release|Any CPU = Release|Any CPU
	EndGlobalSection
	GlobalSection(ProjectConfigurationPlatforms) = postSolution
		{811D041D-7600-49CC-A4CA-CFB2FCE2A66F}.Debug|Any CPU.ActiveCfg = Debug|Any CPU
		{811D041D-7600-49CC-A4CA-CFB2FCE2A66F}.Debug|Any CPU.Build.0 = Debug|Any CPU
		{811D041D-7600-49CC-A4CA-CFB2FCE2A66F}.Release|Any CPU.ActiveCfg = Release|Any CPU
		{811D041D-7600-49CC-A4CA-CFB2FCE2A66F}.Release|Any CPU.Build.0 = Release|Any CPU
	EndGlobalSection
	GlobalSection(SolutionProperties) = preSolution
		HideSolutionNode = FALSE
	EndGlobalSection
	GlobalSection(ExtensibilityGlobals) = postSolution
		SolutionGuid = {C0079C72-271A-4B55-94CE-7E88399E1F9D}
	EndGlobalSection
EndGlobal
